packages = [
    "1password-beta",
    "1password-cli",
    "aether",
    "alacritty",
    "antigravity",
    "asdcontrol",
    "base",
    "base-devel",
    "bash-completion",
    "bat",
    "bc",
    "bluetui",
    "bolt",
    "brave-beta-bin",
    "brightnessctl",
    "btop",
    "btrfs-progs",
    "clang",
    "cups",
    "cups-browsed",
    "cups-filters",
    "cups-pdf",
    "docker",
    "docker-buildx",
    "docker-compose",
    "dotnet-runtime-9.0",
    "dust",
    "efibootmgr",
    "evince",
    "exfatprogs",
    "expac",
    "eza",
    "fastfetch",
    "fcitx5",
    "fcitx5-gtk",
    "fcitx5-qt",
    "fd",
    "ffmpegthumbnailer",
    "firefox",
    "firefox-developer-edition",
    "fontconfig",
    "fzf",
    "ghostty",
    "git",
    "github-cli",
    "gnome-calculator",
    "gnome-disk-utility",
    "gnome-keyring",
    "gnome-themes-extra",
    "gpu-screen-recorder",
    "grim",
    "gst-plugin-pipewire",
    "gum",
    "gvfs-mtp",
    "gvfs-nfs",
    "gvfs-smb",
    "helium-browser-beta-bin",
    "hypridle",
    "hyprland",
    "hyprland-guiutils",
    "hyprland-preview-share-picker",
    "hyprlock",
    "hyprpicker",
    "hyprsunset",
    "imagemagick",
    "impala",
    "imv",
    "inetutils",
    "intel-ucode",
    "inxi",
    "iwd",
    "jq",
    "kdenlive",
    "kvantum-qt5",
    "lazydocker",
    "lazygit",
    "less",
    "lib32-nvidia-utils",
    "libpulse",
    "libqalculate",
    "libreoffice-fresh",
    "libva-nvidia-driver",
    "libyaml",
    "limine",
    "limine-mkinitcpio-hook",
    "limine-snapper-sync",
    "linux",
    "linux-firmware",
    "linux-headers",
    "linux-lts",
    "linux-lts-headers",
    "llvm",
    "localsend",
    "luarocks",
    "mako",
    "man-db",
    "mariadb-libs",
    "mise",
    "mpv",
    "nano",
    "nautilus",
    "neovim",
    "noto-fonts",
    "noto-fonts-cjk",
    "noto-fonts-emoji",
    "noto-fonts-extra",
    "nss-mdns",
    "nvidia-open-dkms",
    "nvidia-utils",
    "obs-studio",
    "obsidian",
    "omarchy-chromium",
    "omarchy-keyring",
    "omarchy-nvim",
    "omarchy-walker",
    "opencode",
    "pamixer",
    "pinta",
    "pipewire",
    "pipewire-alsa",
    "pipewire-jack",
    "pipewire-pulse",
    "playerctl",
    "plocate",
    "plymouth",
    "polkit-gnome",
    "postgresql-libs",
    "power-profiles-daemon",
    "python-gobject",
    "python-poetry-core",
    "python-terminaltexteffects",
    "qt5-wayland",
    "ripgrep",
    "ruby",
    "rust",
    "satty",
    "sddm",
    "signal-desktop",
    "slurp",
    "snapper",
    "sof-firmware",
    "spotify",
    "starship",
    "stress-ng",
    "sudo",
    "sushi",
    "swaybg",
    "swayosd",
    "system-config-printer",
    "tldr",
    "tobi-try",
    "tree-sitter-cli",
    "ttf-cascadia-mono-nerd",
    "ttf-ia-writer",
    "ttf-jetbrains-mono-nerd",
    "typora",
    "tzupdate",
    "ufw",
    "ufw-docker",
    "unzip",
    "usage",
    "uwsm",
    "waybar",
    "wayfreeze",
    "whois",
    "windsurf-next",
    "wireless-regdb",
    "wiremix",
    "wireplumber",
    "wl-clipboard",
    "woff2-font-awesome",
    "xdg-desktop-portal-gtk",
    "xdg-desktop-portal-hyprland",
    "xdg-terminal-exec",
    "xmlstarlet",
    "xournalpp",
    "yaru-icon-theme",
    "yay",
    "yay-debug",
    "yq",
    "zen-browser-bin",
    "zoxide",
    "zram-generator",
]
timestamp = 1769699135
hash = "d9c6b0ea3d7c99060db4d0f591d9449abe1ca0c33bc13786e25c67ad8e8e505c"

[runtimes]
node = "20.10.0"
rust = "1.75.0-x86_64-unknown-linux-gnu"
python = "3.12.0"
